// !$*UTF8*$!
{
	archiveVersion = 1;
	classes = {
	};
	objectVersion = 46;
	objects = {

/* Begin PBXBuildFile section */
		5A279CA61E2E9C9B00E90E4E /* WineFilterCell.swift in Sources */ = {isa = PBXBuildFile; fileRef = 5A279CA51E2E9C9B00E90E4E /* WineFilterCell.swift */; };
		5A279CAA1E2E9CF600E90E4E /* FilterVC.swift in Sources */ = {isa = PBXBuildFile; fileRef = 5A279CA91E2E9CF600E90E4E /* FilterVC.swift */; };
		5A279CAE1E301D7D00E90E4E /* TypeAliases.swift in Sources */ = {isa = PBXBuildFile; fileRef = 5A279CAD1E301D7D00E90E4E /* TypeAliases.swift */; };
		5AB30CC11E61529400882420 /* WebViewVC.swift in Sources */ = {isa = PBXBuildFile; fileRef = 5AB30CC01E61529400882420 /* WebViewVC.swift */; };
		5AB6FE901E294A8D00BBD32F /* AppDelegate.swift in Sources */ = {isa = PBXBuildFile; fileRef = 5AB6FE8F1E294A8D00BBD32F /* AppDelegate.swift */; };
		5AB6FE921E294A8D00BBD32F /* MainVC.swift in Sources */ = {isa = PBXBuildFile; fileRef = 5AB6FE911E294A8D00BBD32F /* MainVC.swift */; };
		5AB6FE951E294A8D00BBD32F /* Main.storyboard in Resources */ = {isa = PBXBuildFile; fileRef = 5AB6FE931E294A8D00BBD32F /* Main.storyboard */; };
		5AB6FE971E294A8D00BBD32F /* Assets.xcassets in Resources */ = {isa = PBXBuildFile; fileRef = 5AB6FE961E294A8D00BBD32F /* Assets.xcassets */; };
		5AB6FE9A1E294A8D00BBD32F /* LaunchScreen.storyboard in Resources */ = {isa = PBXBuildFile; fileRef = 5AB6FE981E294A8D00BBD32F /* LaunchScreen.storyboard */; };
		5AB6FEA61E2958A200BBD32F /* WineCell.swift in Sources */ = {isa = PBXBuildFile; fileRef = 5AB6FEA51E2958A200BBD32F /* WineCell.swift */; };
		5AB6FEA81E295A9400BBD32F /* Wine.swift in Sources */ = {isa = PBXBuildFile; fileRef = 5AB6FEA71E295A9400BBD32F /* Wine.swift */; };
		B3ABADF31E2C2B7900233FDD /* Constants.swift in Sources */ = {isa = PBXBuildFile; fileRef = B3ABADF21E2C2B7900233FDD /* Constants.swift */; };
		B3ABADF51E2C539D00233FDD /* DetailVC.swift in Sources */ = {isa = PBXBuildFile; fileRef = 5AB590C11E29BC92002144A8 /* DetailVC.swift */; };
		B3CF51EE1E35CEEB004C7CA2 /* CustomButton.swift in Sources */ = {isa = PBXBuildFile; fileRef = B3CF51ED1E35CEEB004C7CA2 /* CustomButton.swift */; };
		F53F715E7659065646E9A0BA /* Pods_Wine_Garden.framework in Frameworks */ = {isa = PBXBuildFile; fileRef = E7162C024F1592F000EF8322 /* Pods_Wine_Garden.framework */; };
/* End PBXBuildFile section */

/* Begin PBXFileReference section */
		5A279CA51E2E9C9B00E90E4E /* WineFilterCell.swift */ = {isa = PBXFileReference; fileEncoding = 4; lastKnownFileType = sourcecode.swift; path = WineFilterCell.swift; sourceTree = "<group>"; };
		5A279CA91E2E9CF600E90E4E /* FilterVC.swift */ = {isa = PBXFileReference; fileEncoding = 4; lastKnownFileType = sourcecode.swift; path = FilterVC.swift; sourceTree = "<group>"; };
		5A279CAD1E301D7D00E90E4E /* TypeAliases.swift */ = {isa = PBXFileReference; fileEncoding = 4; lastKnownFileType = sourcecode.swift; path = TypeAliases.swift; sourceTree = "<group>"; };
		5AB30CC01E61529400882420 /* WebViewVC.swift */ = {isa = PBXFileReference; fileEncoding = 4; lastKnownFileType = sourcecode.swift; path = WebViewVC.swift; sourceTree = "<group>"; };
		5AB590C11E29BC92002144A8 /* DetailVC.swift */ = {isa = PBXFileReference; fileEncoding = 4; lastKnownFileType = sourcecode.swift; path = DetailVC.swift; sourceTree = "<group>"; };
		5AB6FE8C1E294A8D00BBD32F /* Wine Garden.app */ = {isa = PBXFileReference; explicitFileType = wrapper.application; includeInIndex = 0; path = "Wine Garden.app"; sourceTree = BUILT_PRODUCTS_DIR; };
		5AB6FE8F1E294A8D00BBD32F /* AppDelegate.swift */ = {isa = PBXFileReference; lastKnownFileType = sourcecode.swift; path = AppDelegate.swift; sourceTree = "<group>"; };
		5AB6FE911E294A8D00BBD32F /* MainVC.swift */ = {isa = PBXFileReference; lastKnownFileType = sourcecode.swift; path = MainVC.swift; sourceTree = "<group>"; };
		5AB6FE941E294A8D00BBD32F /* Base */ = {isa = PBXFileReference; lastKnownFileType = file.storyboard; name = Base; path = Base.lproj/Main.storyboard; sourceTree = "<group>"; };
		5AB6FE961E294A8D00BBD32F /* Assets.xcassets */ = {isa = PBXFileReference; lastKnownFileType = folder.assetcatalog; path = Assets.xcassets; sourceTree = "<group>"; };
		5AB6FE991E294A8D00BBD32F /* Base */ = {isa = PBXFileReference; lastKnownFileType = file.storyboard; name = Base; path = Base.lproj/LaunchScreen.storyboard; sourceTree = "<group>"; };
		5AB6FE9B1E294A8D00BBD32F /* Info.plist */ = {isa = PBXFileReference; lastKnownFileType = text.plist.xml; path = Info.plist; sourceTree = "<group>"; };
		5AB6FEA51E2958A200BBD32F /* WineCell.swift */ = {isa = PBXFileReference; fileEncoding = 4; lastKnownFileType = sourcecode.swift; path = WineCell.swift; sourceTree = "<group>"; };
		5AB6FEA71E295A9400BBD32F /* Wine.swift */ = {isa = PBXFileReference; fileEncoding = 4; lastKnownFileType = sourcecode.swift; path = Wine.swift; sourceTree = "<group>"; };
		B3ABADF21E2C2B7900233FDD /* Constants.swift */ = {isa = PBXFileReference; fileEncoding = 4; lastKnownFileType = sourcecode.swift; path = Constants.swift; sourceTree = "<group>"; };
		B3CF51ED1E35CEEB004C7CA2 /* CustomButton.swift */ = {isa = PBXFileReference; fileEncoding = 4; lastKnownFileType = sourcecode.swift; path = CustomButton.swift; sourceTree = "<group>"; };
		D1F2B4EFC5D712F8643DBA0C /* Pods-Wine Garden.debug.xcconfig */ = {isa = PBXFileReference; includeInIndex = 1; lastKnownFileType = text.xcconfig; name = "Pods-Wine Garden.debug.xcconfig"; path = "Pods/Target Support Files/Pods-Wine Garden/Pods-Wine Garden.debug.xcconfig"; sourceTree = "<group>"; };
		DD415E96B7645D68B31C361A /* Pods-Wine Garden.release.xcconfig */ = {isa = PBXFileReference; includeInIndex = 1; lastKnownFileType = text.xcconfig; name = "Pods-Wine Garden.release.xcconfig"; path = "Pods/Target Support Files/Pods-Wine Garden/Pods-Wine Garden.release.xcconfig"; sourceTree = "<group>"; };
		E7162C024F1592F000EF8322 /* Pods_Wine_Garden.framework */ = {isa = PBXFileReference; explicitFileType = wrapper.framework; includeInIndex = 0; path = Pods_Wine_Garden.framework; sourceTree = BUILT_PRODUCTS_DIR; };
/* End PBXFileReference section */

/* Begin PBXFrameworksBuildPhase section */
		5AB6FE891E294A8D00BBD32F /* Frameworks */ = {
			isa = PBXFrameworksBuildPhase;
			buildActionMask = 2147483647;
			files = (
				F53F715E7659065646E9A0BA /* Pods_Wine_Garden.framework in Frameworks */,
			);
			runOnlyForDeploymentPostprocessing = 0;
		};
/* End PBXFrameworksBuildPhase section */

/* Begin PBXGroup section */
		5AB6FE831E294A8D00BBD32F = {
			isa = PBXGroup;
			children = (
				5AB6FE8E1E294A8D00BBD32F /* Wine Garden */,
				5AB6FE8D1E294A8D00BBD32F /* Products */,
				E14400044D4A432E6A14457F /* Pods */,
				67D313AC17E056138FAC2E1F /* Frameworks */,
			);
			sourceTree = "<group>";
		};
		5AB6FE8D1E294A8D00BBD32F /* Products */ = {
			isa = PBXGroup;
			children = (
				5AB6FE8C1E294A8D00BBD32F /* Wine Garden.app */,
			);
			name = Products;
			sourceTree = "<group>";
		};
		5AB6FE8E1E294A8D00BBD32F /* Wine Garden */ = {
			isa = PBXGroup;
			children = (
				5AB6FEA31E294B1600BBD32F /* Model */,
				5AB6FEA21E294B1200BBD32F /* View */,
				5AB6FEA11E294B0600BBD32F /* Controller */,
				5AB6FEA41E294B9000BBD32F /* Resources */,
			);
			path = "Wine Garden";
			sourceTree = "<group>";
		};
		5AB6FEA11E294B0600BBD32F /* Controller */ = {
			isa = PBXGroup;
			children = (
				5AB6FE911E294A8D00BBD32F /* MainVC.swift */,
				5A279CA91E2E9CF600E90E4E /* FilterVC.swift */,
				5AB590C11E29BC92002144A8 /* DetailVC.swift */,
				5AB6FE8F1E294A8D00BBD32F /* AppDelegate.swift */,
				5AB30CC01E61529400882420 /* WebViewVC.swift */,
			);
			name = Controller;
			sourceTree = "<group>";
		};
		5AB6FEA21E294B1200BBD32F /* View */ = {
			isa = PBXGroup;
			children = (
				5AB6FE931E294A8D00BBD32F /* Main.storyboard */,
				B3CF51ED1E35CEEB004C7CA2 /* CustomButton.swift */,
				5AB6FE981E294A8D00BBD32F /* LaunchScreen.storyboard */,
			);
			name = View;
			sourceTree = "<group>";
		};
		5AB6FEA31E294B1600BBD32F /* Model */ = {
			isa = PBXGroup;
			children = (
				5AB6FEA51E2958A200BBD32F /* WineCell.swift */,
				5AB6FEA71E295A9400BBD32F /* Wine.swift */,
				5A279CA51E2E9C9B00E90E4E /* WineFilterCell.swift */,
				5A279CAD1E301D7D00E90E4E /* TypeAliases.swift */,
			);
			name = Model;
			sourceTree = "<group>";
		};
		5AB6FEA41E294B9000BBD32F /* Resources */ = {
			isa = PBXGroup;
			children = (
				5AB6FE961E294A8D00BBD32F /* Assets.xcassets */,
				5AB6FE9B1E294A8D00BBD32F /* Info.plist */,
				B3ABADF21E2C2B7900233FDD /* Constants.swift */,
			);
			name = Resources;
			sourceTree = "<group>";
		};
		67D313AC17E056138FAC2E1F /* Frameworks */ = {
			isa = PBXGroup;
			children = (
				E7162C024F1592F000EF8322 /* Pods_Wine_Garden.framework */,
			);
			name = Frameworks;
			sourceTree = "<group>";
		};
		E14400044D4A432E6A14457F /* Pods */ = {
			isa = PBXGroup;
			children = (
				D1F2B4EFC5D712F8643DBA0C /* Pods-Wine Garden.debug.xcconfig */,
				DD415E96B7645D68B31C361A /* Pods-Wine Garden.release.xcconfig */,
			);
			name = Pods;
			sourceTree = "<group>";
		};
/* End PBXGroup section */

/* Begin PBXNativeTarget section */
		5AB6FE8B1E294A8D00BBD32F /* Wine Garden */ = {
			isa = PBXNativeTarget;
			buildConfigurationList = 5AB6FE9E1E294A8D00BBD32F /* Build configuration list for PBXNativeTarget "Wine Garden" */;
			buildPhases = (
				8E88099A7C6B5A31174249B3 /* [CP] Check Pods Manifest.lock */,
				5AB6FE881E294A8D00BBD32F /* Sources */,
				5AB6FE891E294A8D00BBD32F /* Frameworks */,
				5AB6FE8A1E294A8D00BBD32F /* Resources */,
				229978591DA2241F5F387AB1 /* [CP] Embed Pods Frameworks */,
				7191FF3FBE1DF144AFF2E91E /* [CP] Copy Pods Resources */,
			);
			buildRules = (
			);
			dependencies = (
			);
			name = "Wine Garden";
			productName = "Wine Garden";
			productReference = 5AB6FE8C1E294A8D00BBD32F /* Wine Garden.app */;
			productType = "com.apple.product-type.application";
		};
/* End PBXNativeTarget section */

/* Begin PBXProject section */
		5AB6FE841E294A8D00BBD32F /* Project object */ = {
			isa = PBXProject;
			attributes = {
				LastSwiftUpdateCheck = 0820;
				LastUpgradeCheck = 0820;
				ORGANIZATIONNAME = "Yuen Hsi Chang";
				TargetAttributes = {
					5AB6FE8B1E294A8D00BBD32F = {
						CreatedOnToolsVersion = 8.2.1;
						DevelopmentTeam = X7YQ87Q9AX;
						ProvisioningStyle = Automatic;
					};
				};
			};
			buildConfigurationList = 5AB6FE871E294A8D00BBD32F /* Build configuration list for PBXProject "Wine Garden" */;
			compatibilityVersion = "Xcode 3.2";
			developmentRegion = English;
			hasScannedForEncodings = 0;
			knownRegions = (
				en,
				Base,
			);
			mainGroup = 5AB6FE831E294A8D00BBD32F;
			productRefGroup = 5AB6FE8D1E294A8D00BBD32F /* Products */;
			projectDirPath = "";
			projectRoot = "";
			targets = (
				5AB6FE8B1E294A8D00BBD32F /* Wine Garden */,
			);
		};
/* End PBXProject section */

/* Begin PBXResourcesBuildPhase section */
		5AB6FE8A1E294A8D00BBD32F /* Resources */ = {
			isa = PBXResourcesBuildPhase;
			buildActionMask = 2147483647;
			files = (
				5AB6FE9A1E294A8D00BBD32F /* LaunchScreen.storyboard in Resources */,
				5AB6FE971E294A8D00BBD32F /* Assets.xcassets in Resources */,
				5AB6FE951E294A8D00BBD32F /* Main.storyboard in Resources */,
			);
			runOnlyForDeploymentPostprocessing = 0;
		};
/* End PBXResourcesBuildPhase section */

/* Begin PBXShellScriptBuildPhase section */
		229978591DA2241F5F387AB1 /* [CP] Embed Pods Frameworks */ = {
			isa = PBXShellScriptBuildPhase;
			buildActionMask = 2147483647;
			files = (
			);
			inputPaths = (
			);
			name = "[CP] Embed Pods Frameworks";
			outputPaths = (
			);
			runOnlyForDeploymentPostprocessing = 0;
			shellPath = /bin/sh;
			shellScript = "\"${SRCROOT}/Pods/Target Support Files/Pods-Wine Garden/Pods-Wine Garden-frameworks.sh\"\n";
			showEnvVarsInLog = 0;
		};
		7191FF3FBE1DF144AFF2E91E /* [CP] Copy Pods Resources */ = {
			isa = PBXShellScriptBuildPhase;
			buildActionMask = 2147483647;
			files = (
			);
			inputPaths = (
			);
			name = "[CP] Copy Pods Resources";
			outputPaths = (
			);
			runOnlyForDeploymentPostprocessing = 0;
			shellPath = /bin/sh;
			shellScript = "\"${SRCROOT}/Pods/Target Support Files/Pods-Wine Garden/Pods-Wine Garden-resources.sh\"\n";
			showEnvVarsInLog = 0;
		};
		8E88099A7C6B5A31174249B3 /* [CP] Check Pods Manifest.lock */ = {
			isa = PBXShellScriptBuildPhase;
			buildActionMask = 2147483647;
			files = (
			);
			inputPaths = (
			);
			name = "[CP] Check Pods Manifest.lock";
			outputPaths = (
			);
			runOnlyForDeploymentPostprocessing = 0;
			shellPath = /bin/sh;
			shellScript = "diff \"${PODS_ROOT}/../Podfile.lock\" \"${PODS_ROOT}/Manifest.lock\" > /dev/null\nif [ $? != 0 ] ; then\n    # print error to STDERR\n    echo \"error: The sandbox is not in sync with the Podfile.lock. Run 'pod install' or update your CocoaPods installation.\" >&2\n    exit 1\nfi\n";
			showEnvVarsInLog = 0;
		};
/* End PBXShellScriptBuildPhase section */

/* Begin PBXSourcesBuildPhase section */
		5AB6FE881E294A8D00BBD32F /* Sources */ = {
			isa = PBXSourcesBuildPhase;
			buildActionMask = 2147483647;
			files = (
				5A279CAA1E2E9CF600E90E4E /* FilterVC.swift in Sources */,
				5AB6FEA81E295A9400BBD32F /* Wine.swift in Sources */,
				5A279CA61E2E9C9B00E90E4E /* WineFilterCell.swift in Sources */,
				5A279CAE1E301D7D00E90E4E /* TypeAliases.swift in Sources */,
				5AB30CC11E61529400882420 /* WebViewVC.swift in Sources */,
				B3CF51EE1E35CEEB004C7CA2 /* CustomButton.swift in Sources */,
				5AB6FE921E294A8D00BBD32F /* MainVC.swift in Sources */,
				5AB6FE901E294A8D00BBD32F /* AppDelegate.swift in Sources */,
				5AB6FEA61E2958A200BBD32F /* WineCell.swift in Sources */,
				B3ABADF31E2C2B7900233FDD /* Constants.swift in Sources */,
				B3ABADF51E2C539D00233FDD /* DetailVC.swift in Sources */,
			);
			runOnlyForDeploymentPostprocessing = 0;
		};
/* End PBXSourcesBuildPhase section */

/* Begin PBXVariantGroup section */
		5AB6FE931E294A8D00BBD32F /* Main.storyboard */ = {
			isa = PBXVariantGroup;
			children = (
				5AB6FE941E294A8D00BBD32F /* Base */,
			);
			name = Main.storyboard;
			sourceTree = "<group>";
		};
		5AB6FE981E294A8D00BBD32F /* LaunchScreen.storyboard */ = {
			isa = PBXVariantGroup;
			children = (
				5AB6FE991E294A8D00BBD32F /* Base */,
			);
			name = LaunchScreen.storyboard;
			sourceTree = "<group>";
		};
/* End PBXVariantGroup section */

/* Begin XCBuildConfiguration section */
		5AB6FE9C1E294A8D00BBD32F /* Debug */ = {
			isa = XCBuildConfiguration;
			buildSettings = {
				ALWAYS_SEARCH_USER_PATHS = NO;
				CLANG_ANALYZER_NONNULL = YES;
				CLANG_CXX_LANGUAGE_STANDARD = "gnu++0x";
				CLANG_CXX_LIBRARY = "libc++";
				CLANG_ENABLE_MODULES = YES;
				CLANG_ENABLE_OBJC_ARC = YES;
				CLANG_WARN_BOOL_CONVERSION = YES;
				CLANG_WARN_CONSTANT_CONVERSION = YES;
				CLANG_WARN_DIRECT_OBJC_ISA_USAGE = YES_ERROR;
				CLANG_WARN_DOCUMENTATION_COMMENTS = YES;
				CLANG_WARN_EMPTY_BODY = YES;
				CLANG_WARN_ENUM_CONVERSION = YES;
				CLANG_WARN_INFINITE_RECURSION = YES;
				CLANG_WARN_INT_CONVERSION = YES;
				CLANG_WARN_OBJC_ROOT_CLASS = YES_ERROR;
				CLANG_WARN_SUSPICIOUS_MOVE = YES;
				CLANG_WARN_UNREACHABLE_CODE = YES;
				CLANG_WARN__DUPLICATE_METHOD_MATCH = YES;
				"CODE_SIGN_IDENTITY[sdk=iphoneos*]" = "iPhone Developer";
				COPY_PHASE_STRIP = NO;
				DEBUG_INFORMATION_FORMAT = dwarf;
				ENABLE_STRICT_OBJC_MSGSEND = YES;
				ENABLE_TESTABILITY = YES;
				GCC_C_LANGUAGE_STANDARD = gnu99;
				GCC_DYNAMIC_NO_PIC = NO;
				GCC_NO_COMMON_BLOCKS = YES;
				GCC_OPTIMIZATION_LEVEL = 0;
				GCC_PREPROCESSOR_DEFINITIONS = (
					"DEBUG=1",
					"$(inherited)",
				);
				GCC_WARN_64_TO_32_BIT_CONVERSION = YES;
				GCC_WARN_ABOUT_RETURN_TYPE = YES_ERROR;
				GCC_WARN_UNDECLARED_SELECTOR = YES;
				GCC_WARN_UNINITIALIZED_AUTOS = YES_AGGRESSIVE;
				GCC_WARN_UNUSED_FUNCTION = YES;
				GCC_WARN_UNUSED_VARIABLE = YES;
				IPHONEOS_DEPLOYMENT_TARGET = 10.2;
				MTL_ENABLE_DEBUG_INFO = YES;
				ONLY_ACTIVE_ARCH = YES;
				SDKROOT = iphoneos;
				SWIFT_ACTIVE_COMPILATION_CONDITIONS = DEBUG;
				SWIFT_OPTIMIZATION_LEVEL = "-Onone";
				TARGETED_DEVICE_FAMILY = "1,2";
			};
			name = Debug;
		};
		5AB6FE9D1E294A8D00BBD32F /* Release */ = {
			isa = XCBuildConfiguration;
			buildSettings = {
				ALWAYS_SEARCH_USER_PATHS = NO;
				CLANG_ANALYZER_NONNULL = YES;
				CLANG_CXX_LANGUAGE_STANDARD = "gnu++0x";
				CLANG_CXX_LIBRARY = "libc++";
				CLANG_ENABLE_MODULES = YES;
				CLANG_ENABLE_OBJC_ARC = YES;
				CLANG_WARN_BOOL_CONVERSION = YES;
				CLANG_WARN_CONSTANT_CONVERSION = YES;
				CLANG_WARN_DIRECT_OBJC_ISA_USAGE = YES_ERROR;
				CLANG_WARN_DOCUMENTATION_COMMENTS = YES;
				CLANG_WARN_EMPTY_BODY = YES;
				CLANG_WARN_ENUM_CONVERSION = YES;
				CLANG_WARN_INFINITE_RECURSION = YES;
				CLANG_WARN_INT_CONVERSION = YES;
				CLANG_WARN_OBJC_ROOT_CLASS = YES_ERROR;
				CLANG_WARN_SUSPICIOUS_MOVE = YES;
				CLANG_WARN_UNREACHABLE_CODE = YES;
				CLANG_WARN__DUPLICATE_METHOD_MATCH = YES;
				"CODE_SIGN_IDENTITY[sdk=iphoneos*]" = "iPhone Developer";
				COPY_PHASE_STRIP = NO;
				DEBUG_INFORMATION_FORMAT = "dwarf-with-dsym";
				ENABLE_NS_ASSERTIONS = NO;
				ENABLE_STRICT_OBJC_MSGSEND = YES;
				GCC_C_LANGUAGE_STANDARD = gnu99;
				GCC_NO_COMMON_BLOCKS = YES;
				GCC_WARN_64_TO_32_BIT_CONVERSION = YES;
				GCC_WARN_ABOUT_RETURN_TYPE = YES_ERROR;
				GCC_WARN_UNDECLARED_SELECTOR = YES;
				GCC_WARN_UNINITIALIZED_AUTOS = YES_AGGRESSIVE;
				GCC_WARN_UNUSED_FUNCTION = YES;
				GCC_WARN_UNUSED_VARIABLE = YES;
				IPHONEOS_DEPLOYMENT_TARGET = 10.2;
				MTL_ENABLE_DEBUG_INFO = NO;
				SDKROOT = iphoneos;
				SWIFT_OPTIMIZATION_LEVEL = "-Owholemodule";
				TARGETED_DEVICE_FAMILY = "1,2";
				VALIDATE_PRODUCT = YES;
			};
			name = Release;
		};
		5AB6FE9F1E294A8D00BBD32F /* Debug */ = {
			isa = XCBuildConfiguration;
			baseConfigurationReference = D1F2B4EFC5D712F8643DBA0C /* Pods-Wine Garden.debug.xcconfig */;
			buildSettings = {
				ALWAYS_EMBED_SWIFT_STANDARD_LIBRARIES = YES;
				ASSETCATALOG_COMPILER_APPICON_NAME = AppIcon;
				CODE_SIGN_IDENTITY = "iPhone Developer";
				"CODE_SIGN_IDENTITY[sdk=iphoneos*]" = "iPhone Developer";
				DEVELOPMENT_TEAM = X7YQ87Q9AX;
				INFOPLIST_FILE = "Wine Garden/Info.plist";
				LD_RUNPATH_SEARCH_PATHS = "$(inherited) @executable_path/Frameworks";
				PRODUCT_BUNDLE_IDENTIFIER = ios.wine.WineGarden;
				PRODUCT_NAME = "$(TARGET_NAME)";
				SWIFT_VERSION = 3.0;
				TARGETED_DEVICE_FAMILY = 1;
			};
			name = Debug;
		};
		5AB6FEA01E294A8D00BBD32F /* Release */ = {
			isa = XCBuildConfiguration;
			baseConfigurationReference = DD415E96B7645D68B31C361A /* Pods-Wine Garden.release.xcconfig */;
			buildSettings = {
				ALWAYS_EMBED_SWIFT_STANDARD_LIBRARIES = YES;
				ASSETCATALOG_COMPILER_APPICON_NAME = AppIcon;
				CODE_SIGN_IDENTITY = "iPhone Distribution";
				"CODE_SIGN_IDENTITY[sdk=iphoneos*]" = "iPhone Developer";
				DEVELOPMENT_TEAM = X7YQ87Q9AX;
				INFOPLIST_FILE = "Wine Garden/Info.plist";
				LD_RUNPATH_SEARCH_PATHS = "$(inherited) @executable_path/Frameworks";
				PRODUCT_BUNDLE_IDENTIFIER = ios.wine.WineGarden;
				PRODUCT_NAME = "$(TARGET_NAME)";
				SWIFT_VERSION = 3.0;
				TARGETED_DEVICE_FAMILY = 1;
			};
			name = Release;
		};
/* End XCBuildConfiguration section */

/* Begin XCConfigurationList section */
		5AB6FE871E294A8D00BBD32F /* Build configuration list for PBXProject "Wine Garden" */ = {
			isa = XCConfigurationList;
			buildConfigurations = (
				5AB6FE9C1E294A8D00BBD32F /* Debug */,
				5AB6FE9D1E294A8D00BBD32F /* Release */,
			);
			defaultConfigurationIsVisible = 0;
			defaultConfigurationName = Release;
		};
		5AB6FE9E1E294A8D00BBD32F /* Build configuration list for PBXNativeTarget "Wine Garden" */ = {
			isa = XCConfigurationList;
			buildConfigurations = (
				5AB6FE9F1E294A8D00BBD32F /* Debug */,
				5AB6FEA01E294A8D00BBD32F /* Release */,
			);
			defaultConfigurationIsVisible = 0;
			defaultConfigurationName = Release;
		};
/* End XCConfigurationList section */
	};
	rootObject = 5AB6FE841E294A8D00BBD32F /* Project object */;
}
